
Microsoft Visual Studio Solution File, Format Version 12.00
# Visual Studio Version 17
VisualStudioVersion = 17.10.35013.160
MinimumVisualStudioVersion = 10.0.40219.1
Project("{888888A0-9F3D-457C-B088-3A5042F75D52}") = "LearningPythonEx8", "LearningPythonEx8\LearningPythonEx8.pyproj", "{DEEC5468-D614-4900-9C55-F402F848D0D0}"
EndProject
Global
	GlobalSection(SolutionConfigurationPlatforms) = preSolution
		Debug|Any CPU = Debug|Any CPU
		Release|Any CPU = Release|Any CPU
	EndGlobalSection
	GlobalSection(ProjectConfigurationPlatforms) = postSolution
		{DEEC5468-D614-4900-9C55-F402F848D0D0}.Debug|Any CPU.ActiveCfg = Debug|Any CPU
		{DEEC5468-D614-4900-9C55-F402F848D0D0}.Release|Any CPU.ActiveCfg = Release|Any CPU
	EndGlobalSection
	GlobalSection(SolutionProperties) = preSolution
		HideSolutionNode = FALSE
	EndGlobalSection
	GlobalSection(ExtensibilityGlobals) = postSolution
		SolutionGuid = {7926B0FD-6D84-443B-A7CC-BCAEB652B7F2}
	EndGlobalSection
EndGlobal
