
Microsoft Visual Studio Solution File, Format Version 12.00
# Visual Studio Version 17
VisualStudioVersion = 17.10.35013.160
MinimumVisualStudioVersion = 10.0.40219.1
Project("{888888A0-9F3D-457C-B088-3A5042F75D52}") = "LearningPythonEx6", "LearningPythonEx6\LearningPythonEx6.pyproj", "{283C6D12-58A4-4212-B61B-E370B7DDA1FB}"
EndProject
Global
	GlobalSection(SolutionConfigurationPlatforms) = preSolution
		Debug|Any CPU = Debug|Any CPU
		Release|Any CPU = Release|Any CPU
	EndGlobalSection
	GlobalSection(ProjectConfigurationPlatforms) = postSolution
		{283C6D12-58A4-4212-B61B-E370B7DDA1FB}.Debug|Any CPU.ActiveCfg = Debug|Any CPU
		{283C6D12-58A4-4212-B61B-E370B7DDA1FB}.Release|Any CPU.ActiveCfg = Release|Any CPU
	EndGlobalSection
	GlobalSection(SolutionProperties) = preSolution
		HideSolutionNode = FALSE
	EndGlobalSection
	GlobalSection(ExtensibilityGlobals) = postSolution
		SolutionGuid = {FC2B5D8C-2652-4C6D-A63C-620692E44023}
	EndGlobalSection
EndGlobal
