
Microsoft Visual Studio Solution File, Format Version 12.00
# Visual Studio Version 17
VisualStudioVersion = 17.10.35013.160
MinimumVisualStudioVersion = 10.0.40219.1
Project("{888888A0-9F3D-457C-B088-3A5042F75D52}") = "LearningPythonEx5", "LearningPythonEx5\LearningPythonEx5.pyproj", "{0E4D3409-5E34-47EF-A14F-3BA4BF856EF4}"
EndProject
Global
	GlobalSection(SolutionConfigurationPlatforms) = preSolution
		Debug|Any CPU = Debug|Any CPU
		Release|Any CPU = Release|Any CPU
	EndGlobalSection
	GlobalSection(ProjectConfigurationPlatforms) = postSolution
		{0E4D3409-5E34-47EF-A14F-3BA4BF856EF4}.Debug|Any CPU.ActiveCfg = Debug|Any CPU
		{0E4D3409-5E34-47EF-A14F-3BA4BF856EF4}.Release|Any CPU.ActiveCfg = Release|Any CPU
	EndGlobalSection
	GlobalSection(SolutionProperties) = preSolution
		HideSolutionNode = FALSE
	EndGlobalSection
	GlobalSection(ExtensibilityGlobals) = postSolution
		SolutionGuid = {FD25A4B4-FFDE-40EF-ABB1-2A34C9F530FF}
	EndGlobalSection
EndGlobal
